
Microsoft Visual Studio Solution File, Format Version 12.00
# Visual Studio Version 16
VisualStudioVersion = 16.0.31911.196
MinimumVisualStudioVersion = 10.0.40219.1
Project("{2150E333-8FDC-42A3-9474-1A3956D46DE8}") = "BlueBank.Accounts", "BlueBank.Accounts", "{64D2236C-9603-4F9A-826C-72CA634B247B}"
EndProject
Project("{9A19103F-16F7-4668-BE54-9A1E7A4F7556}") = "BlueBank.Accounts.Core", "BlueBank.Accounts\BlueBank.Accounts.Core\BlueBank.Accounts.Core.csproj", "{A5A3DA77-0222-4B8A-89D7-12EF9BB3C4C8}"
EndProject
Project("{9A19103F-16F7-4668-BE54-9A1E7A4F7556}") = "BlueBank.SharedKernel", "BlueBank.SharedKernel\BlueBank.SharedKernel.csproj", "{320BB293-3F5A-4ACF-97E9-32E71C01431C}"
EndProject
Project("{2150E333-8FDC-42A3-9474-1A3956D46DE8}") = "SolutionItems", "SolutionItems", "{ADFA7A60-6BBF-4324-B791-7F90DE9AB6F5}"
	ProjectSection(SolutionItems) = preProject
		nuget.config = nuget.config
	EndProjectSection
EndProject
Project("{9A19103F-16F7-4668-BE54-9A1E7A4F7556}") = "BlueBank.Accounts.Infrastructure", "BlueBank.Accounts\BlueBank.Accounts.Infrastructure\BlueBank.Accounts.Infrastructure.csproj", "{6170311E-6B50-4F7B-A3B4-94098C67E4EF}"
EndProject
Project("{9A19103F-16F7-4668-BE54-9A1E7A4F7556}") = "BlueBank.Accounts.Api", "BlueBank.Accounts\BlueBank.Accounts.Api\BlueBank.Accounts.Api.csproj", "{356BA575-DA6A-43C6-9DD2-4D94346CC5E9}"
EndProject
Project("{9A19103F-16F7-4668-BE54-9A1E7A4F7556}") = "BlueBank.SharedApplication", "BlueBank.SharedApplication\BlueBank.SharedApplication.csproj", "{DF7E07B1-F198-444D-B35D-6AF109E45137}"
EndProject
Project("{E53339B2-1760-4266-BCC7-CA923CBCF16C}") = "docker-compose", "docker-compose.dcproj", "{00954DB8-506F-4294-BADD-1480AEEA835F}"
EndProject
Project("{2150E333-8FDC-42A3-9474-1A3956D46DE8}") = "BlueBank.ApiGateway", "BlueBank.ApiGateway", "{C206930F-7714-4687-803D-1BC5B445C230}"
EndProject
Project("{9A19103F-16F7-4668-BE54-9A1E7A4F7556}") = "BlueBank.ApiGateway", "BlueBank.ApiGateway\BlueBank.ApiGateway.csproj", "{F94B8523-6AF1-44C6-BCBE-4572DDC7FB04}"
EndProject
Project("{2150E333-8FDC-42A3-9474-1A3956D46DE8}") = "BlueBank.Transactions", "BlueBank.Transactions", "{9A16C5D2-F88B-4512-90DB-60DC4F5F7E14}"
EndProject
Project("{9A19103F-16F7-4668-BE54-9A1E7A4F7556}") = "BlueBank.Transactions.Core", "BlueBank.Transactions\BlueBank.Transactions.Core\BlueBank.Transactions.Core.csproj", "{2C1EC057-8653-432A-A018-5CA38A5C51CA}"
EndProject
Project("{FAE04EC0-301F-11D3-BF4B-00C04F79EFBC}") = "BlueBank.Transactions.Infrastructure", "BlueBank.Transactions\BlueBank.Transactions.Infrastructure\BlueBank.Transactions.Infrastructure.csproj", "{90F5ADAB-8BE4-4F16-8562-1EA17410852B}"
EndProject
Project("{9A19103F-16F7-4668-BE54-9A1E7A4F7556}") = "BlueBank.Transactions.Api", "BlueBank.Transactions\BlueBank.Transactions.Api\BlueBank.Transactions.Api.csproj", "{AFC32880-ACF8-4FDF-BDA3-825BA888804F}"
EndProject
Global
	GlobalSection(SolutionConfigurationPlatforms) = preSolution
		Debug|Any CPU = Debug|Any CPU
		Release|Any CPU = Release|Any CPU
	EndGlobalSection
	GlobalSection(ProjectConfigurationPlatforms) = postSolution
		{A5A3DA77-0222-4B8A-89D7-12EF9BB3C4C8}.Debug|Any CPU.ActiveCfg = Debug|Any CPU
		{A5A3DA77-0222-4B8A-89D7-12EF9BB3C4C8}.Debug|Any CPU.Build.0 = Debug|Any CPU
		{A5A3DA77-0222-4B8A-89D7-12EF9BB3C4C8}.Release|Any CPU.ActiveCfg = Release|Any CPU
		{A5A3DA77-0222-4B8A-89D7-12EF9BB3C4C8}.Release|Any CPU.Build.0 = Release|Any CPU
		{320BB293-3F5A-4ACF-97E9-32E71C01431C}.Debug|Any CPU.ActiveCfg = Debug|Any CPU
		{320BB293-3F5A-4ACF-97E9-32E71C01431C}.Debug|Any CPU.Build.0 = Debug|Any CPU
		{320BB293-3F5A-4ACF-97E9-32E71C01431C}.Release|Any CPU.ActiveCfg = Release|Any CPU
		{320BB293-3F5A-4ACF-97E9-32E71C01431C}.Release|Any CPU.Build.0 = Release|Any CPU
		{6170311E-6B50-4F7B-A3B4-94098C67E4EF}.Debug|Any CPU.ActiveCfg = Debug|Any CPU
		{6170311E-6B50-4F7B-A3B4-94098C67E4EF}.Debug|Any CPU.Build.0 = Debug|Any CPU
		{6170311E-6B50-4F7B-A3B4-94098C67E4EF}.Release|Any CPU.ActiveCfg = Release|Any CPU
		{6170311E-6B50-4F7B-A3B4-94098C67E4EF}.Release|Any CPU.Build.0 = Release|Any CPU
		{356BA575-DA6A-43C6-9DD2-4D94346CC5E9}.Debug|Any CPU.ActiveCfg = Debug|Any CPU
		{356BA575-DA6A-43C6-9DD2-4D94346CC5E9}.Debug|Any CPU.Build.0 = Debug|Any CPU
		{356BA575-DA6A-43C6-9DD2-4D94346CC5E9}.Release|Any CPU.ActiveCfg = Release|Any CPU
		{356BA575-DA6A-43C6-9DD2-4D94346CC5E9}.Release|Any CPU.Build.0 = Release|Any CPU
		{DF7E07B1-F198-444D-B35D-6AF109E45137}.Debug|Any CPU.ActiveCfg = Debug|Any CPU
		{DF7E07B1-F198-444D-B35D-6AF109E45137}.Debug|Any CPU.Build.0 = Debug|Any CPU
		{DF7E07B1-F198-444D-B35D-6AF109E45137}.Release|Any CPU.ActiveCfg = Release|Any CPU
		{DF7E07B1-F198-444D-B35D-6AF109E45137}.Release|Any CPU.Build.0 = Release|Any CPU
		{00954DB8-506F-4294-BADD-1480AEEA835F}.Debug|Any CPU.ActiveCfg = Debug|Any CPU
		{00954DB8-506F-4294-BADD-1480AEEA835F}.Debug|Any CPU.Build.0 = Debug|Any CPU
		{00954DB8-506F-4294-BADD-1480AEEA835F}.Release|Any CPU.ActiveCfg = Release|Any CPU
		{00954DB8-506F-4294-BADD-1480AEEA835F}.Release|Any CPU.Build.0 = Release|Any CPU
		{F94B8523-6AF1-44C6-BCBE-4572DDC7FB04}.Debug|Any CPU.ActiveCfg = Debug|Any CPU
		{F94B8523-6AF1-44C6-BCBE-4572DDC7FB04}.Debug|Any CPU.Build.0 = Debug|Any CPU
		{F94B8523-6AF1-44C6-BCBE-4572DDC7FB04}.Release|Any CPU.ActiveCfg = Release|Any CPU
		{F94B8523-6AF1-44C6-BCBE-4572DDC7FB04}.Release|Any CPU.Build.0 = Release|Any CPU
		{2C1EC057-8653-432A-A018-5CA38A5C51CA}.Debug|Any CPU.ActiveCfg = Debug|Any CPU
		{2C1EC057-8653-432A-A018-5CA38A5C51CA}.Debug|Any CPU.Build.0 = Debug|Any CPU
		{2C1EC057-8653-432A-A018-5CA38A5C51CA}.Release|Any CPU.ActiveCfg = Release|Any CPU
		{2C1EC057-8653-432A-A018-5CA38A5C51CA}.Release|Any CPU.Build.0 = Release|Any CPU
		{90F5ADAB-8BE4-4F16-8562-1EA17410852B}.Debug|Any CPU.ActiveCfg = Debug|Any CPU
		{90F5ADAB-8BE4-4F16-8562-1EA17410852B}.Debug|Any CPU.Build.0 = Debug|Any CPU
		{90F5ADAB-8BE4-4F16-8562-1EA17410852B}.Release|Any CPU.ActiveCfg = Release|Any CPU
		{90F5ADAB-8BE4-4F16-8562-1EA17410852B}.Release|Any CPU.Build.0 = Release|Any CPU
		{AFC32880-ACF8-4FDF-BDA3-825BA888804F}.Debug|Any CPU.ActiveCfg = Debug|Any CPU
		{AFC32880-ACF8-4FDF-BDA3-825BA888804F}.Debug|Any CPU.Build.0 = Debug|Any CPU
		{AFC32880-ACF8-4FDF-BDA3-825BA888804F}.Release|Any CPU.ActiveCfg = Release|Any CPU
		{AFC32880-ACF8-4FDF-BDA3-825BA888804F}.Release|Any CPU.Build.0 = Release|Any CPU
	EndGlobalSection
	GlobalSection(SolutionProperties) = preSolution
		HideSolutionNode = FALSE
	EndGlobalSection
	GlobalSection(NestedProjects) = preSolution
		{A5A3DA77-0222-4B8A-89D7-12EF9BB3C4C8} = {64D2236C-9603-4F9A-826C-72CA634B247B}
		{6170311E-6B50-4F7B-A3B4-94098C67E4EF} = {64D2236C-9603-4F9A-826C-72CA634B247B}
		{356BA575-DA6A-43C6-9DD2-4D94346CC5E9} = {64D2236C-9603-4F9A-826C-72CA634B247B}
		{F94B8523-6AF1-44C6-BCBE-4572DDC7FB04} = {C206930F-7714-4687-803D-1BC5B445C230}
		{2C1EC057-8653-432A-A018-5CA38A5C51CA} = {9A16C5D2-F88B-4512-90DB-60DC4F5F7E14}
		{90F5ADAB-8BE4-4F16-8562-1EA17410852B} = {9A16C5D2-F88B-4512-90DB-60DC4F5F7E14}
		{AFC32880-ACF8-4FDF-BDA3-825BA888804F} = {9A16C5D2-F88B-4512-90DB-60DC4F5F7E14}
	EndGlobalSection
	GlobalSection(ExtensibilityGlobals) = postSolution
		SolutionGuid = {AF3BD19F-F559-4ACB-AA9F-B61482B92828}
	EndGlobalSection
EndGlobal
