
Microsoft Visual Studio Solution File, Format Version 12.00
# Visual Studio Version 16
VisualStudioVersion = 16.0.31911.196
MinimumVisualStudioVersion = 10.0.40219.1
Project("{2150E333-8FDC-42A3-9474-1A3956D46DE8}") = "BlueBank.Accounts", "BlueBank.Accounts", "{64D2236C-9603-4F9A-826C-72CA634B247B}"
EndProject
Project("{9A19103F-16F7-4668-BE54-9A1E7A4F7556}") = "BlueBank.Accounts.Core", "BlueBank.Accounts\BlueBank.Accounts.Core\BlueBank.Accounts.Core.csproj", "{A5A3DA77-0222-4B8A-89D7-12EF9BB3C4C8}"
EndProject
Project("{9A19103F-16F7-4668-BE54-9A1E7A4F7556}") = "BlueBank.SharedKernel", "BlueBank.SharedKernel\BlueBank.SharedKernel.csproj", "{320BB293-3F5A-4ACF-97E9-32E71C01431C}"
EndProject
Project("{2150E333-8FDC-42A3-9474-1A3956D46DE8}") = "SolutionItems", "SolutionItems", "{ADFA7A60-6BBF-4324-B791-7F90DE9AB6F5}"
	ProjectSection(SolutionItems) = preProject
		nuget.config = nuget.config
	EndProjectSection
EndProject
Global
	GlobalSection(SolutionConfigurationPlatforms) = preSolution
		Debug|Any CPU = Debug|Any CPU
		Release|Any CPU = Release|Any CPU
	EndGlobalSection
	GlobalSection(ProjectConfigurationPlatforms) = postSolution
		{A5A3DA77-0222-4B8A-89D7-12EF9BB3C4C8}.Debug|Any CPU.ActiveCfg = Debug|Any CPU
		{A5A3DA77-0222-4B8A-89D7-12EF9BB3C4C8}.Debug|Any CPU.Build.0 = Debug|Any CPU
		{A5A3DA77-0222-4B8A-89D7-12EF9BB3C4C8}.Release|Any CPU.ActiveCfg = Release|Any CPU
		{A5A3DA77-0222-4B8A-89D7-12EF9BB3C4C8}.Release|Any CPU.Build.0 = Release|Any CPU
		{320BB293-3F5A-4ACF-97E9-32E71C01431C}.Debug|Any CPU.ActiveCfg = Debug|Any CPU
		{320BB293-3F5A-4ACF-97E9-32E71C01431C}.Debug|Any CPU.Build.0 = Debug|Any CPU
		{320BB293-3F5A-4ACF-97E9-32E71C01431C}.Release|Any CPU.ActiveCfg = Release|Any CPU
		{320BB293-3F5A-4ACF-97E9-32E71C01431C}.Release|Any CPU.Build.0 = Release|Any CPU
	EndGlobalSection
	GlobalSection(SolutionProperties) = preSolution
		HideSolutionNode = FALSE
	EndGlobalSection
	GlobalSection(NestedProjects) = preSolution
		{A5A3DA77-0222-4B8A-89D7-12EF9BB3C4C8} = {64D2236C-9603-4F9A-826C-72CA634B247B}
	EndGlobalSection
	GlobalSection(ExtensibilityGlobals) = postSolution
		SolutionGuid = {AF3BD19F-F559-4ACB-AA9F-B61482B92828}
	EndGlobalSection
EndGlobal
